
Microsoft Visual Studio Solution File, Format Version 12.00
# Visual Studio Version 16
VisualStudioVersion = 16.0.30804.86
MinimumVisualStudioVersion = 10.0.40219.1
Project("{9A19103F-16F7-4668-BE54-9A1E7A4F7556}") = "MegaSolution", "MegaSolution\MegaSolution.csproj", "{0E93E890-5466-44B5-BF54-8E409B4662AA}"
EndProject
Project("{9A19103F-16F7-4668-BE54-9A1E7A4F7556}") = "MegaSolution.Electron", "MegaSolution.Electron\MegaSolution.Electron.csproj", "{2BC9E168-864D-4354-96C0-CADF8A932199}"
	ProjectSection(ProjectDependencies) = postProject
		{97160F0E-11DC-4779-B7C2-19777CC34258} = {97160F0E-11DC-4779-B7C2-19777CC34258}
		{4C6CFE26-9FFE-44E3-9ABC-534C9FD5D941} = {4C6CFE26-9FFE-44E3-9ABC-534C9FD5D941}
		{7F087937-61C0-4EFF-8A6F-DE3813B6DEBA} = {7F087937-61C0-4EFF-8A6F-DE3813B6DEBA}
		{0203B942-96AD-4AA3-B8FF-3E0342B94E2F} = {0203B942-96AD-4AA3-B8FF-3E0342B94E2F}
		{89D1C642-192B-4BE8-A42F-25E9027D72D4} = {89D1C642-192B-4BE8-A42F-25E9027D72D4}
		{F1ACBF45-EC54-4A3F-9B39-531B5FB9D3B1} = {F1ACBF45-EC54-4A3F-9B39-531B5FB9D3B1}
		{EF76797B-853A-4FC9-981C-704A8DD4CFF4} = {EF76797B-853A-4FC9-981C-704A8DD4CFF4}
		{B76FF17F-26A6-4399-9634-3BC739C71733} = {B76FF17F-26A6-4399-9634-3BC739C71733}
		{5634768A-9BD1-48C4-8291-7C13F1AE934F} = {5634768A-9BD1-48C4-8291-7C13F1AE934F}
		{3D55C790-8ED9-438E-80C1-A22EAE9DE565} = {3D55C790-8ED9-438E-80C1-A22EAE9DE565}
		{81497E99-A2B9-41D6-BD52-0C27B68CDAAB} = {81497E99-A2B9-41D6-BD52-0C27B68CDAAB}
		{CBE71CD2-4AAA-4FCA-9CE5-3DB41BDF59BF} = {CBE71CD2-4AAA-4FCA-9CE5-3DB41BDF59BF}
	EndProjectSection
EndProject
Project("{2150E333-8FDC-42A3-9474-1A3956D46DE8}") = "source", "source", "{31BD67B4-2011-4E2A-85CF-4179AD1452ED}"
EndProject
Project("{9A19103F-16F7-4668-BE54-9A1E7A4F7556}") = "Blazorise", "..\..\..\Desktop\Blazorise-master\Source\Blazorise\Blazorise.csproj", "{7F087937-61C0-4EFF-8A6F-DE3813B6DEBA}"
EndProject
Project("{9A19103F-16F7-4668-BE54-9A1E7A4F7556}") = "Blazorise.Bootstrap", "..\..\..\Desktop\Blazorise-master\Source\Blazorise.Bootstrap\Blazorise.Bootstrap.csproj", "{97160F0E-11DC-4779-B7C2-19777CC34258}"
EndProject
Project("{2150E333-8FDC-42A3-9474-1A3956D46DE8}") = "Extentions", "Extentions", "{C727B7D0-D6F8-41DA-83EF-EEF101B49792}"
EndProject
Project("{9A19103F-16F7-4668-BE54-9A1E7A4F7556}") = "Blazorise.Charts", "..\..\..\Desktop\Blazorise-master\Source\Extensions\Blazorise.Charts\Blazorise.Charts.csproj", "{F1ACBF45-EC54-4A3F-9B39-531B5FB9D3B1}"
EndProject
Project("{9A19103F-16F7-4668-BE54-9A1E7A4F7556}") = "Blazorise.Charts.Streaming", "..\..\..\Desktop\Blazorise-master\Source\Extensions\Blazorise.Charts.Streaming\Blazorise.Charts.Streaming.csproj", "{0203B942-96AD-4AA3-B8FF-3E0342B94E2F}"
EndProject
Project("{9A19103F-16F7-4668-BE54-9A1E7A4F7556}") = "Blazorise.Components", "..\..\..\Desktop\Blazorise-master\Source\Extensions\Blazorise.Components\Blazorise.Components.csproj", "{89D1C642-192B-4BE8-A42F-25E9027D72D4}"
EndProject
Project("{9A19103F-16F7-4668-BE54-9A1E7A4F7556}") = "Blazorise.DataGrid", "..\..\..\Desktop\Blazorise-master\Source\Extensions\Blazorise.DataGrid\Blazorise.DataGrid.csproj", "{EF76797B-853A-4FC9-981C-704A8DD4CFF4}"
EndProject
Project("{9A19103F-16F7-4668-BE54-9A1E7A4F7556}") = "Blazorise.Icons.FontAwesome", "..\..\..\Desktop\Blazorise-master\Source\Extensions\Blazorise.Icons.FontAwesome\Blazorise.Icons.FontAwesome.csproj", "{B76FF17F-26A6-4399-9634-3BC739C71733}"
EndProject
Project("{9A19103F-16F7-4668-BE54-9A1E7A4F7556}") = "Blazorise.Icons.Material", "..\..\..\Desktop\Blazorise-master\Source\Extensions\Blazorise.Icons.Material\Blazorise.Icons.Material.csproj", "{4C6CFE26-9FFE-44E3-9ABC-534C9FD5D941}"
EndProject
Project("{9A19103F-16F7-4668-BE54-9A1E7A4F7556}") = "Blazorise.RichTextEdit", "..\..\..\Desktop\Blazorise-master\Source\Extensions\Blazorise.RichTextEdit\Blazorise.RichTextEdit.csproj", "{5634768A-9BD1-48C4-8291-7C13F1AE934F}"
EndProject
Project("{9A19103F-16F7-4668-BE54-9A1E7A4F7556}") = "Blazorise.Sidebar", "..\..\..\Desktop\Blazorise-master\Source\Extensions\Blazorise.Sidebar\Blazorise.Sidebar.csproj", "{3D55C790-8ED9-438E-80C1-A22EAE9DE565}"
EndProject
Project("{9A19103F-16F7-4668-BE54-9A1E7A4F7556}") = "Blazorise.Snackbar", "..\..\..\Desktop\Blazorise-master\Source\Extensions\Blazorise.Snackbar\Blazorise.Snackbar.csproj", "{81497E99-A2B9-41D6-BD52-0C27B68CDAAB}"
EndProject
Project("{9A19103F-16F7-4668-BE54-9A1E7A4F7556}") = "Blazorise.TreeView", "..\..\..\Desktop\Blazorise-master\Source\Extensions\Blazorise.TreeView\Blazorise.TreeView.csproj", "{CBE71CD2-4AAA-4FCA-9CE5-3DB41BDF59BF}"
EndProject
Global
	GlobalSection(SolutionConfigurationPlatforms) = preSolution
		Debug|Any CPU = Debug|Any CPU
		Release|Any CPU = Release|Any CPU
	EndGlobalSection
	GlobalSection(ProjectConfigurationPlatforms) = postSolution
		{0E93E890-5466-44B5-BF54-8E409B4662AA}.Debug|Any CPU.ActiveCfg = Debug|Any CPU
		{0E93E890-5466-44B5-BF54-8E409B4662AA}.Debug|Any CPU.Build.0 = Debug|Any CPU
		{0E93E890-5466-44B5-BF54-8E409B4662AA}.Release|Any CPU.ActiveCfg = Release|Any CPU
		{0E93E890-5466-44B5-BF54-8E409B4662AA}.Release|Any CPU.Build.0 = Release|Any CPU
		{2BC9E168-864D-4354-96C0-CADF8A932199}.Debug|Any CPU.ActiveCfg = Debug|Any CPU
		{2BC9E168-864D-4354-96C0-CADF8A932199}.Debug|Any CPU.Build.0 = Debug|Any CPU
		{2BC9E168-864D-4354-96C0-CADF8A932199}.Release|Any CPU.ActiveCfg = Release|Any CPU
		{2BC9E168-864D-4354-96C0-CADF8A932199}.Release|Any CPU.Build.0 = Release|Any CPU
		{7F087937-61C0-4EFF-8A6F-DE3813B6DEBA}.Debug|Any CPU.ActiveCfg = Debug|Any CPU
		{7F087937-61C0-4EFF-8A6F-DE3813B6DEBA}.Debug|Any CPU.Build.0 = Debug|Any CPU
		{7F087937-61C0-4EFF-8A6F-DE3813B6DEBA}.Release|Any CPU.ActiveCfg = Release|Any CPU
		{7F087937-61C0-4EFF-8A6F-DE3813B6DEBA}.Release|Any CPU.Build.0 = Release|Any CPU
		{97160F0E-11DC-4779-B7C2-19777CC34258}.Debug|Any CPU.ActiveCfg = Debug|Any CPU
		{97160F0E-11DC-4779-B7C2-19777CC34258}.Debug|Any CPU.Build.0 = Debug|Any CPU
		{97160F0E-11DC-4779-B7C2-19777CC34258}.Release|Any CPU.ActiveCfg = Release|Any CPU
		{97160F0E-11DC-4779-B7C2-19777CC34258}.Release|Any CPU.Build.0 = Release|Any CPU
		{F1ACBF45-EC54-4A3F-9B39-531B5FB9D3B1}.Debug|Any CPU.ActiveCfg = Debug|Any CPU
		{F1ACBF45-EC54-4A3F-9B39-531B5FB9D3B1}.Debug|Any CPU.Build.0 = Debug|Any CPU
		{F1ACBF45-EC54-4A3F-9B39-531B5FB9D3B1}.Release|Any CPU.ActiveCfg = Release|Any CPU
		{F1ACBF45-EC54-4A3F-9B39-531B5FB9D3B1}.Release|Any CPU.Build.0 = Release|Any CPU
		{0203B942-96AD-4AA3-B8FF-3E0342B94E2F}.Debug|Any CPU.ActiveCfg = Debug|Any CPU
		{0203B942-96AD-4AA3-B8FF-3E0342B94E2F}.Debug|Any CPU.Build.0 = Debug|Any CPU
		{0203B942-96AD-4AA3-B8FF-3E0342B94E2F}.Release|Any CPU.ActiveCfg = Release|Any CPU
		{0203B942-96AD-4AA3-B8FF-3E0342B94E2F}.Release|Any CPU.Build.0 = Release|Any CPU
		{89D1C642-192B-4BE8-A42F-25E9027D72D4}.Debug|Any CPU.ActiveCfg = Debug|Any CPU
		{89D1C642-192B-4BE8-A42F-25E9027D72D4}.Debug|Any CPU.Build.0 = Debug|Any CPU
		{89D1C642-192B-4BE8-A42F-25E9027D72D4}.Release|Any CPU.ActiveCfg = Release|Any CPU
		{89D1C642-192B-4BE8-A42F-25E9027D72D4}.Release|Any CPU.Build.0 = Release|Any CPU
		{EF76797B-853A-4FC9-981C-704A8DD4CFF4}.Debug|Any CPU.ActiveCfg = Debug|Any CPU
		{EF76797B-853A-4FC9-981C-704A8DD4CFF4}.Debug|Any CPU.Build.0 = Debug|Any CPU
		{EF76797B-853A-4FC9-981C-704A8DD4CFF4}.Release|Any CPU.ActiveCfg = Release|Any CPU
		{EF76797B-853A-4FC9-981C-704A8DD4CFF4}.Release|Any CPU.Build.0 = Release|Any CPU
		{B76FF17F-26A6-4399-9634-3BC739C71733}.Debug|Any CPU.ActiveCfg = Debug|Any CPU
		{B76FF17F-26A6-4399-9634-3BC739C71733}.Debug|Any CPU.Build.0 = Debug|Any CPU
		{B76FF17F-26A6-4399-9634-3BC739C71733}.Release|Any CPU.ActiveCfg = Release|Any CPU
		{B76FF17F-26A6-4399-9634-3BC739C71733}.Release|Any CPU.Build.0 = Release|Any CPU
		{4C6CFE26-9FFE-44E3-9ABC-534C9FD5D941}.Debug|Any CPU.ActiveCfg = Debug|Any CPU
		{4C6CFE26-9FFE-44E3-9ABC-534C9FD5D941}.Debug|Any CPU.Build.0 = Debug|Any CPU
		{4C6CFE26-9FFE-44E3-9ABC-534C9FD5D941}.Release|Any CPU.ActiveCfg = Release|Any CPU
		{4C6CFE26-9FFE-44E3-9ABC-534C9FD5D941}.Release|Any CPU.Build.0 = Release|Any CPU
		{5634768A-9BD1-48C4-8291-7C13F1AE934F}.Debug|Any CPU.ActiveCfg = Debug|Any CPU
		{5634768A-9BD1-48C4-8291-7C13F1AE934F}.Debug|Any CPU.Build.0 = Debug|Any CPU
		{5634768A-9BD1-48C4-8291-7C13F1AE934F}.Release|Any CPU.ActiveCfg = Release|Any CPU
		{5634768A-9BD1-48C4-8291-7C13F1AE934F}.Release|Any CPU.Build.0 = Release|Any CPU
		{3D55C790-8ED9-438E-80C1-A22EAE9DE565}.Debug|Any CPU.ActiveCfg = Debug|Any CPU
		{3D55C790-8ED9-438E-80C1-A22EAE9DE565}.Debug|Any CPU.Build.0 = Debug|Any CPU
		{3D55C790-8ED9-438E-80C1-A22EAE9DE565}.Release|Any CPU.ActiveCfg = Release|Any CPU
		{3D55C790-8ED9-438E-80C1-A22EAE9DE565}.Release|Any CPU.Build.0 = Release|Any CPU
		{81497E99-A2B9-41D6-BD52-0C27B68CDAAB}.Debug|Any CPU.ActiveCfg = Debug|Any CPU
		{81497E99-A2B9-41D6-BD52-0C27B68CDAAB}.Debug|Any CPU.Build.0 = Debug|Any CPU
		{81497E99-A2B9-41D6-BD52-0C27B68CDAAB}.Release|Any CPU.ActiveCfg = Release|Any CPU
		{81497E99-A2B9-41D6-BD52-0C27B68CDAAB}.Release|Any CPU.Build.0 = Release|Any CPU
		{CBE71CD2-4AAA-4FCA-9CE5-3DB41BDF59BF}.Debug|Any CPU.ActiveCfg = Debug|Any CPU
		{CBE71CD2-4AAA-4FCA-9CE5-3DB41BDF59BF}.Debug|Any CPU.Build.0 = Debug|Any CPU
		{CBE71CD2-4AAA-4FCA-9CE5-3DB41BDF59BF}.Release|Any CPU.ActiveCfg = Release|Any CPU
		{CBE71CD2-4AAA-4FCA-9CE5-3DB41BDF59BF}.Release|Any CPU.Build.0 = Release|Any CPU
	EndGlobalSection
	GlobalSection(SolutionProperties) = preSolution
		HideSolutionNode = FALSE
	EndGlobalSection
	GlobalSection(NestedProjects) = preSolution
		{7F087937-61C0-4EFF-8A6F-DE3813B6DEBA} = {31BD67B4-2011-4E2A-85CF-4179AD1452ED}
		{97160F0E-11DC-4779-B7C2-19777CC34258} = {31BD67B4-2011-4E2A-85CF-4179AD1452ED}
		{C727B7D0-D6F8-41DA-83EF-EEF101B49792} = {31BD67B4-2011-4E2A-85CF-4179AD1452ED}
		{F1ACBF45-EC54-4A3F-9B39-531B5FB9D3B1} = {C727B7D0-D6F8-41DA-83EF-EEF101B49792}
		{0203B942-96AD-4AA3-B8FF-3E0342B94E2F} = {C727B7D0-D6F8-41DA-83EF-EEF101B49792}
		{89D1C642-192B-4BE8-A42F-25E9027D72D4} = {C727B7D0-D6F8-41DA-83EF-EEF101B49792}
		{EF76797B-853A-4FC9-981C-704A8DD4CFF4} = {C727B7D0-D6F8-41DA-83EF-EEF101B49792}
		{B76FF17F-26A6-4399-9634-3BC739C71733} = {C727B7D0-D6F8-41DA-83EF-EEF101B49792}
		{4C6CFE26-9FFE-44E3-9ABC-534C9FD5D941} = {C727B7D0-D6F8-41DA-83EF-EEF101B49792}
		{5634768A-9BD1-48C4-8291-7C13F1AE934F} = {C727B7D0-D6F8-41DA-83EF-EEF101B49792}
		{3D55C790-8ED9-438E-80C1-A22EAE9DE565} = {C727B7D0-D6F8-41DA-83EF-EEF101B49792}
		{81497E99-A2B9-41D6-BD52-0C27B68CDAAB} = {C727B7D0-D6F8-41DA-83EF-EEF101B49792}
		{CBE71CD2-4AAA-4FCA-9CE5-3DB41BDF59BF} = {C727B7D0-D6F8-41DA-83EF-EEF101B49792}
	EndGlobalSection
	GlobalSection(ExtensibilityGlobals) = postSolution
		SolutionGuid = {CDB2D41C-F04B-43F9-89B3-959043BF2DBC}
	EndGlobalSection
EndGlobal
